<?xml version="1.0" encoding="utf-8"?>
<Project ToolsVersion="4.0" xmlns="http://schemas.microsoft.com/developer/msbuild/2003">
  <ItemGroup>
    <Filter Include="소스 파일">
      <UniqueIdentifier>{4FC737F1-C7A5-4376-A066-2A32D752A2FF}</UniqueIdentifier>
      <Extensions>cpp;c;cc;cxx;c++;def;odl;idl;hpj;bat;asm;asmx</Extensions>
    </Filter>
    <Filter Include="헤더 파일">
      <UniqueIdentifier>{93995380-89BD-4b04-88EB-625FBE52EBFB}</UniqueIdentifier>
      <Extensions>h;hh;hpp;hxx;h++;hm;inl;inc;ipp;xsd</Extensions>
    </Filter>
    <Filter Include="리소스 파일">
      <UniqueIdentifier>{67DA6AB6-F800-4c08-8B7A-83BB121AAD01}</UniqueIdentifier>
      <Extensions>rc;ico;cur;bmp;dlg;rc2;rct;bin;rgs;gif;jpg;jpeg;jpe;resx;tiff;tif;png;wav;mfcribbon-ms</Extensions>
    </Filter>
  </ItemGroup>
  <ItemGroup>
    <ClCompile Include="숨바꼭질.cpp">
      <Filter>소스 파일</Filter>
    </ClCompile>
    <ClCompile Include="로봇청소기.cpp">
      <Filter>소스 파일</Filter>
    </ClCompile>
    <ClCompile Include="바이러스.cpp">
      <Filter>소스 파일</Filter>
    </ClCompile>
    <ClCompile Include="숨바꼭질2.cpp">
      <Filter>소스 파일</Filter>
    </ClCompile>
    <ClCompile Include="섬의개수.cpp">
      <Filter>소스 파일</Filter>
    </ClCompile>
    <ClCompile Include="안전영역.cpp">
      <Filter>소스 파일</Filter>
    </ClCompile>
    <ClCompile Include="유기농배추.cpp">
      <Filter>소스 파일</Filter>
    </ClCompile>
    <ClCompile Include="숨바꼭질22.cpp">
      <Filter>소스 파일</Filter>
    </ClCompile>
    <ClCompile Include="숨바꼭질222.cpp">
      <Filter>소스 파일</Filter>
    </ClCompile>
    <ClCompile Include="숨바꼭질1복습.cpp">
      <Filter>소스 파일</Filter>
    </ClCompile>
    <ClCompile Include="미로탈출하기.cpp">
      <Filter>소스 파일</Filter>
    </ClCompile>
    <ClCompile Include="탈출.cpp">
      <Filter>소스 파일</Filter>
    </ClCompile>
    <ClCompile Include="로봇.cpp">
      <Filter>소스 파일</Filter>
    </ClCompile>
    <ClCompile Include="로봇2.cpp">
      <Filter>소스 파일</Filter>
    </ClCompile>
    <ClCompile Include="bfs연습.cpp">
      <Filter>소스 파일</Filter>
    </ClCompile>
    <ClCompile Include="BFS.cpp">
      <Filter>소스 파일</Filter>
    </ClCompile>
    <ClCompile Include="BFS그래프 최단거리.cpp">
      <Filter>소스 파일</Filter>
    </ClCompile>
    <ClCompile Include="BFS복습.cpp">
      <Filter>소스 파일</Filter>
    </ClCompile>
    <ClCompile Include="BFS최단거리해설.cpp">
      <Filter>소스 파일</Filter>
    </ClCompile>
    <ClCompile Include="DFS.cpp">
      <Filter>소스 파일</Filter>
    </ClCompile>
    <ClCompile Include="DSLF.cpp">
      <Filter>소스 파일</Filter>
    </ClCompile>
    <ClCompile Include="k진수출력.cpp">
      <Filter>소스 파일</Filter>
    </ClCompile>
    <ClCompile Include="LIS.cpp">
      <Filter>소스 파일</Filter>
    </ClCompile>
    <ClCompile Include="pair자료형.cpp">
      <Filter>소스 파일</Filter>
    </ClCompile>
    <ClCompile Include="Uglynumber.cpp">
      <Filter>소스 파일</Filter>
    </ClCompile>
    <ClCompile Include="vector생성방법.cpp">
      <Filter>소스 파일</Filter>
    </ClCompile>
    <ClCompile Include="가장긴증가하는부분수열.cpp">
      <Filter>소스 파일</Filter>
    </ClCompile>
    <ClCompile Include="경로 탐색.cpp">
      <Filter>소스 파일</Filter>
    </ClCompile>
    <ClCompile Include="경로탐색(인접리스트).cpp">
      <Filter>소스 파일</Filter>
    </ClCompile>
    <ClCompile Include="경로탐색답.cpp">
      <Filter>소스 파일</Filter>
    </ClCompile>
    <ClCompile Include="공주구하기(조세퍼스).cpp">
      <Filter>소스 파일</Filter>
    </ClCompile>
    <ClCompile Include="공주구하기(조세퍼스)답.cpp">
      <Filter>소스 파일</Filter>
    </ClCompile>
    <ClCompile Include="공주구하기큐.cpp">
      <Filter>소스 파일</Filter>
    </ClCompile>
    <ClCompile Include="구슬 탈출.cpp">
      <Filter>소스 파일</Filter>
    </ClCompile>
    <ClCompile Include="그래프최단거리.cpp">
      <Filter>소스 파일</Filter>
    </ClCompile>
    <ClCompile Include="기차운행.cpp">
      <Filter>소스 파일</Filter>
    </ClCompile>
    <ClCompile Include="기차운행2.cpp">
      <Filter>소스 파일</Filter>
    </ClCompile>
    <ClCompile Include="깊이우선탐색.cpp">
      <Filter>소스 파일</Filter>
    </ClCompile>
    <ClCompile Include="늑대와양.cpp">
      <Filter>소스 파일</Filter>
    </ClCompile>
    <ClCompile Include="늑대와양tmp.cpp">
      <Filter>소스 파일</Filter>
    </ClCompile>
    <ClCompile Include="단지번호붙이기.cpp">
      <Filter>소스 파일</Filter>
    </ClCompile>
    <ClCompile Include="단지번호붙이기2.cpp">
      <Filter>소스 파일</Filter>
    </ClCompile>
    <ClCompile Include="마구간 정하기.cpp">
      <Filter>소스 파일</Filter>
    </ClCompile>
    <ClCompile Include="문자열2675.cpp">
      <Filter>소스 파일</Filter>
    </ClCompile>
    <ClCompile Include="미로 탐색.cpp">
      <Filter>소스 파일</Filter>
    </ClCompile>
    <ClCompile Include="미로탐색.cpp">
      <Filter>소스 파일</Filter>
    </ClCompile>
    <ClCompile Include="배열.cpp">
      <Filter>소스 파일</Filter>
    </ClCompile>
    <ClCompile Include="백준1260.cpp">
      <Filter>소스 파일</Filter>
    </ClCompile>
    <ClCompile Include="백준1260BFSDFS.cpp">
      <Filter>소스 파일</Filter>
    </ClCompile>
    <ClCompile Include="백준2178bfs.cpp">
      <Filter>소스 파일</Filter>
    </ClCompile>
    <ClCompile Include="백준2178번.cpp">
      <Filter>소스 파일</Filter>
    </ClCompile>
    <ClCompile Include="백준12601.cpp">
      <Filter>소스 파일</Filter>
    </ClCompile>
    <ClCompile Include="백준dfsbfs.cpp">
      <Filter>소스 파일</Filter>
    </ClCompile>
    <ClCompile Include="병합정렬.cpp">
      <Filter>소스 파일</Filter>
    </ClCompile>
    <ClCompile Include="봉우리.cpp">
      <Filter>소스 파일</Filter>
    </ClCompile>
    <ClCompile Include="봉우리2.cpp">
      <Filter>소스 파일</Filter>
    </ClCompile>
    <ClCompile Include="부분집합(DFS).cpp">
      <Filter>소스 파일</Filter>
    </ClCompile>
    <ClCompile Include="부분집합.cpp">
      <Filter>소스 파일</Filter>
    </ClCompile>
    <ClCompile Include="블록의 최댓값.cpp">
      <Filter>소스 파일</Filter>
    </ClCompile>
    <ClCompile Include="사다리조작.cpp">
      <Filter>소스 파일</Filter>
    </ClCompile>
    <ClCompile Include="섬나라아일랜드.cpp">
      <Filter>소스 파일</Filter>
    </ClCompile>
    <ClCompile Include="송아지 찾기.cpp">
      <Filter>소스 파일</Filter>
    </ClCompile>
    <ClCompile Include="송아지찾기(20210119).cpp">
      <Filter>소스 파일</Filter>
    </ClCompile>
    <ClCompile Include="송아지찾기해설.cpp">
      <Filter>소스 파일</Filter>
    </ClCompile>
    <ClCompile Include="순열구하기(20210119).cpp">
      <Filter>소스 파일</Filter>
    </ClCompile>
    <ClCompile Include="순열구하기.cpp">
      <Filter>소스 파일</Filter>
    </ClCompile>
    <ClCompile Include="순열구하기연습.cpp">
      <Filter>소스 파일</Filter>
    </ClCompile>
    <ClCompile Include="스타트링크.cpp">
      <Filter>소스 파일</Filter>
    </ClCompile>
    <ClCompile Include="아나그램.cpp">
      <Filter>소스 파일</Filter>
    </ClCompile>
    <ClCompile Include="아나그램2.cpp">
      <Filter>소스 파일</Filter>
    </ClCompile>
    <ClCompile Include="아마존인터뷰.cpp">
      <Filter>소스 파일</Filter>
    </ClCompile>
    <ClCompile Include="알파벳.cpp">
      <Filter>소스 파일</Filter>
    </ClCompile>
    <ClCompile Include="영역구하기.cpp">
      <Filter>소스 파일</Filter>
    </ClCompile>
    <ClCompile Include="영지선택.cpp">
      <Filter>소스 파일</Filter>
    </ClCompile>
    <ClCompile Include="올바른 괄호.cpp">
      <Filter>소스 파일</Filter>
    </ClCompile>
    <ClCompile Include="올바른괄호.cpp">
      <Filter>소스 파일</Filter>
    </ClCompile>
    <ClCompile Include="유니온앤파인드.cpp">
      <Filter>소스 파일</Filter>
    </ClCompile>
    <ClCompile Include="이진트리.cpp">
      <Filter>소스 파일</Filter>
    </ClCompile>
    <ClCompile Include="이진트리일반큐.cpp">
      <Filter>소스 파일</Filter>
    </ClCompile>
    <ClCompile Include="이항계수(메모이제이션).cpp">
      <Filter>소스 파일</Filter>
    </ClCompile>
    <ClCompile Include="인접행렬.cpp">
      <Filter>소스 파일</Filter>
    </ClCompile>
    <ClCompile Include="재귀이.cpp">
      <Filter>소스 파일</Filter>
    </ClCompile>
    <ClCompile Include="재귀함수.cpp">
      <Filter>소스 파일</Filter>
    </ClCompile>
    <ClCompile Include="재귀함수이진수출력.cpp">
      <Filter>소스 파일</Filter>
    </ClCompile>
    <ClCompile Include="조합구하기.cpp">
      <Filter>소스 파일</Filter>
    </ClCompile>
    <ClCompile Include="최대힙연습.cpp">
      <Filter>소스 파일</Filter>
    </ClCompile>
    <ClCompile Include="최소비용연습.cpp">
      <Filter>소스 파일</Filter>
    </ClCompile>
    <ClCompile Include="최소비용인접행렬.cpp">
      <Filter>소스 파일</Filter>
    </ClCompile>
    <ClCompile Include="최소최대.cpp">
      <Filter>소스 파일</Filter>
    </ClCompile>
    <ClCompile Include="최소최대씨발.cpp">
      <Filter>소스 파일</Filter>
    </ClCompile>
    <ClCompile Include="최소힙.cpp">
      <Filter>소스 파일</Filter>
    </ClCompile>
    <ClCompile Include="친구찾기.cpp">
      <Filter>소스 파일</Filter>
    </ClCompile>
    <ClCompile Include="카카오먹방.cpp">
      <Filter>소스 파일</Filter>
    </ClCompile>
    <ClCompile Include="토마토.cpp">
      <Filter>소스 파일</Filter>
    </ClCompile>
    <ClCompile Include="토마토시바랄년아.cpp">
      <Filter>소스 파일</Filter>
    </ClCompile>
    <ClCompile Include="토마토시발련아.cpp">
      <Filter>소스 파일</Filter>
    </ClCompile>
    <ClCompile Include="특정 수 만들기.cpp">
      <Filter>소스 파일</Filter>
    </ClCompile>
    <ClCompile Include="특정수만들기.cpp">
      <Filter>소스 파일</Filter>
    </ClCompile>
    <ClCompile Include="특정수만들기2.cpp">
      <Filter>소스 파일</Filter>
    </ClCompile>
    <ClCompile Include="평균과 가장 가까운값.cpp">
      <Filter>소스 파일</Filter>
    </ClCompile>
    <ClCompile Include="피자배달거리.cpp">
      <Filter>소스 파일</Filter>
    </ClCompile>
    <ClCompile Include="합이 같은 부분집합.cpp">
      <Filter>소스 파일</Filter>
    </ClCompile>
    <ClCompile Include="휴가.cpp">
      <Filter>소스 파일</Filter>
    </ClCompile>
    <ClCompile Include="휴가해설.cpp">
      <Filter>소스 파일</Filter>
    </ClCompile>
    <ClCompile Include="토맛토마토.cpp">
      <Filter>소스 파일</Filter>
    </ClCompile>
    <ClCompile Include="상범 빌딩.cpp">
      <Filter>소스 파일</Filter>
    </ClCompile>
    <ClCompile Include="단지번호붙이기BFS.cpp">
      <Filter>소스 파일</Filter>
    </ClCompile>
    <ClCompile Include="구슬탈출.cpp">
      <Filter>소스 파일</Filter>
    </ClCompile>
    <ClCompile Include="스택.cpp">
      <Filter>소스 파일</Filter>
    </ClCompile>
    <ClCompile Include="스택2.cpp">
      <Filter>소스 파일</Filter>
    </ClCompile>
    <ClCompile Include="print1.cpp">
      <Filter>소스 파일</Filter>
    </ClCompile>
    <ClCompile Include="testtest.cpp">
      <Filter>소스 파일</Filter>
    </ClCompile>
    <ClCompile Include="송아지찾기.cpp">
      <Filter>소스 파일</Filter>
    </ClCompile>
    <ClCompile Include="숨바꼭질2222.cpp">
      <Filter>소스 파일</Filter>
    </ClCompile>
    <ClCompile Include="DFS로미로찾기.cpp">
      <Filter>소스 파일</Filter>
    </ClCompile>
    <ClCompile Include="숫자판점프.cpp">
      <Filter>소스 파일</Filter>
    </ClCompile>
    <ClCompile Include="숫자판점프2.cpp">
      <Filter>소스 파일</Filter>
    </ClCompile>
    <ClCompile Include="미로탈출.cpp">
      <Filter>소스 파일</Filter>
    </ClCompile>
    <ClCompile Include="빙산.cpp">
      <Filter>소스 파일</Filter>
    </ClCompile>
    <ClCompile Include="토마토3차원.cpp">
      <Filter>소스 파일</Filter>
    </ClCompile>
    <ClCompile Include="왜 안되는데.cpp">
      <Filter>소스 파일</Filter>
    </ClCompile>
    <ClCompile Include="로봇청소기4991.cpp">
      <Filter>소스 파일</Filter>
    </ClCompile>
    <ClCompile Include="로봇청소기24991.cpp">
      <Filter>소스 파일</Filter>
    </ClCompile>
    <ClCompile Include="네트워크선자르기.cpp">
      <Filter>소스 파일</Filter>
    </ClCompile>
    <ClCompile Include="네트워크선자르기2.cpp">
      <Filter>소스 파일</Filter>
    </ClCompile>
    <ClCompile Include="계단 오르기.cpp">
      <Filter>소스 파일</Filter>
    </ClCompile>
    <ClCompile Include="LIS개념.cpp">
      <Filter>소스 파일</Filter>
    </ClCompile>
    <ClCompile Include="최대선연결하기.cpp">
      <Filter>소스 파일</Filter>
    </ClCompile>
    <ClCompile Include="최대선연결하기뭐가다른데.cpp">
      <Filter>소스 파일</Filter>
    </ClCompile>
    <ClCompile Include="가장높은탑쌓기.cpp">
      <Filter>소스 파일</Filter>
    </ClCompile>
    <ClCompile Include="알리바바와40인의도둑.cpp">
      <Filter>소스 파일</Filter>
    </ClCompile>
    <ClCompile Include="알리.cpp">
      <Filter>소스 파일</Filter>
    </ClCompile>
    <ClCompile Include="탑.cpp">
      <Filter>소스 파일</Filter>
    </ClCompile>
    <ClCompile Include="2048(easy).cpp">
      <Filter>소스 파일</Filter>
    </ClCompile>
    <ClCompile Include="구슬탈출2.cpp">
      <Filter>소스 파일</Filter>
    </ClCompile>
    <ClCompile Include="순열구하기다시.cpp">
      <Filter>소스 파일</Filter>
    </ClCompile>
    <ClCompile Include="적록색약.cpp">
      <Filter>소스 파일</Filter>
    </ClCompile>
    <ClCompile Include="촌수계산.cpp">
      <Filter>소스 파일</Filter>
    </ClCompile>
    <ClCompile Include="촌수계산2.cpp">
      <Filter>소스 파일</Filter>
    </ClCompile>
    <ClCompile Include="타겟넘버.cpp">
      <Filter>소스 파일</Filter>
    </ClCompile>
    <ClCompile Include="트리의 부모찾기.cpp">
      <Filter>소스 파일</Filter>
    </ClCompile>
    <ClCompile Include="연구소.cpp">
      <Filter>소스 파일</Filter>
    </ClCompile>
    <ClCompile Include="연결 요소의 개수.cpp">
      <Filter>소스 파일</Filter>
    </ClCompile>
    <ClCompile Include="괄호.cpp">
      <Filter>소스 파일</Filter>
    </ClCompile>
    <ClCompile Include="제로.cpp">
      <Filter>소스 파일</Filter>
    </ClCompile>
    <ClCompile Include="에디터.cpp">
      <Filter>소스 파일</Filter>
    </ClCompile>
    <ClCompile Include="나이트의이동.cpp">
      <Filter>소스 파일</Filter>
    </ClCompile>
    <ClCompile Include="벽 부수고 이동하기.cpp">
      <Filter>소스 파일</Filter>
    </ClCompile>
    <ClCompile Include="문제1번.cpp">
      <Filter>소스 파일</Filter>
    </ClCompile>
    <ClCompile Include="분해합.cpp">
      <Filter>소스 파일</Filter>
    </ClCompile>
    <ClCompile Include="경로 찾기.cpp">
      <Filter>소스 파일</Filter>
    </ClCompile>
    <ClCompile Include="RGB거리.cpp">
      <Filter>소스 파일</Filter>
    </ClCompile>
    <ClCompile Include="연속합.cpp">
      <Filter>소스 파일</Filter>
    </ClCompile>
    <ClCompile Include="설탕배달.cpp">
      <Filter>소스 파일</Filter>
    </ClCompile>
    <ClCompile Include="1로만들기.cpp">
      <Filter>소스 파일</Filter>
    </ClCompile>
    <ClCompile Include="1,2,3구하기.cpp">
      <Filter>소스 파일</Filter>
    </ClCompile>
    <ClCompile Include="카드역배치.cpp">
      <Filter>소스 파일</Filter>
    </ClCompile>
    <ClCompile Include="컬러볼.cpp">
      <Filter>소스 파일</Filter>
    </ClCompile>
    <ClCompile Include="케빈베이컨의6단계법칙.cpp">
      <Filter>소스 파일</Filter>
    </ClCompile>
    <ClCompile Include="아기상어.cpp">
      <Filter>소스 파일</Filter>
    </ClCompile>
    <ClCompile Include="그림.cpp">
      <Filter>소스 파일</Filter>
    </ClCompile>
    <ClCompile Include="듣보잡.cpp">
      <Filter>소스 파일</Filter>
    </ClCompile>
    <ClCompile Include="탈출다시.cpp">
      <Filter>소스 파일</Filter>
    </ClCompile>
    <ClCompile Include="벽부수고이동하기.cpp">
      <Filter>소스 파일</Filter>
    </ClCompile>
    <ClCompile Include="결혼식.cpp">
      <Filter>소스 파일</Filter>
    </ClCompile>
    <ClCompile Include="N-queen.cpp">
      <Filter>소스 파일</Filter>
    </ClCompile>
    <ClCompile Include="색종이만들기.cpp">
      <Filter>소스 파일</Filter>
    </ClCompile>
    <ClCompile Include="2차원배열의합.cpp">
      <Filter>소스 파일</Filter>
    </ClCompile>
    <ClCompile Include="로봇 청소기.cpp">
      <Filter>소스 파일</Filter>
    </ClCompile>
    <ClCompile Include="DFS스페셜저지.cpp">
      <Filter>소스 파일</Filter>
    </ClCompile>
    <ClCompile Include="욕심쟁이판다.cpp">
      <Filter>소스 파일</Filter>
    </ClCompile>
    <ClCompile Include="로봇 청소기4991.cpp">
      <Filter>소스 파일</Filter>
    </ClCompile>
    <ClCompile Include="test1.c">
      <Filter>소스 파일</Filter>
    </ClCompile>
    <ClCompile Include="인구이동.cpp">
      <Filter>소스 파일</Filter>
    </ClCompile>
    <ClCompile Include="텀프로젝트.cpp">
      <Filter>소스 파일</Filter>
    </ClCompile>
    <ClCompile Include="수들의합2.cpp">
      <Filter>소스 파일</Filter>
    </ClCompile>
    <ClCompile Include="보물섬.cpp">
      <Filter>소스 파일</Filter>
    </ClCompile>
    <ClCompile Include="다리 만들기.cpp">
      <Filter>소스 파일</Filter>
    </ClCompile>
    <ClCompile Include="피보나치함수.cpp">
      <Filter>소스 파일</Filter>
    </ClCompile>
    <ClCompile Include="2n타일링.cpp">
      <Filter>소스 파일</Filter>
    </ClCompile>
    <ClCompile Include="이항계수.cpp">
      <Filter>소스 파일</Filter>
    </ClCompile>
    <ClCompile Include="효율적인 해킹.cpp">
      <Filter>소스 파일</Filter>
    </ClCompile>
    <ClCompile Include="최소비용 구하기.cpp">
      <Filter>소스 파일</Filter>
    </ClCompile>
    <ClCompile Include="파티.cpp">
      <Filter>소스 파일</Filter>
    </ClCompile>
  </ItemGroup>
  <ItemGroup>
    <None Include="tmp.체ㅔ" />
  </ItemGroup>
</Project>